
Microsoft Visual Studio Solution File, Format Version 12.00
# Visual Studio Version 17
VisualStudioVersion = 17.0.32014.148
MinimumVisualStudioVersion = 10.0.40219.1
Project("{FAE04EC0-301F-11D3-BF4B-00C04F79EFBC}") = "Libe.Api", "Libe.Api\Libe.Api.csproj", "{2596E327-E0A8-49CB-B744-72F00E7A82E5}"
EndProject
Project("{2150E333-8FDC-42A3-9474-1A3956D46DE8}") = "Domain", "Domain", "{33DCAC4A-22EF-4235-9DCF-BF66E121FC48}"
EndProject
Project("{2150E333-8FDC-42A3-9474-1A3956D46DE8}") = "Infrastructure", "Infrastructure", "{820ADD47-7791-4B59-9191-5BAB9FEFBEF4}"
EndProject
Project("{2150E333-8FDC-42A3-9474-1A3956D46DE8}") = "Services", "Services", "{847842D6-E556-4CA6-A14F-370ACF869AA0}"
EndProject
Project("{FAE04EC0-301F-11D3-BF4B-00C04F79EFBC}") = "Libe.Domain.Core", "Libe.Domain.Core\Libe.Domain.Core.csproj", "{4F65A765-26DC-4D8F-8B0E-41B0B2BA56FA}"
EndProject
Project("{FAE04EC0-301F-11D3-BF4B-00C04F79EFBC}") = "Libe.Domain.Interfaces", "Libe.Domain.Interfaces\Libe.Domain.Interfaces.csproj", "{525916F0-0FD9-454C-BBE2-ECE0BBEA7918}"
EndProject
Project("{FAE04EC0-301F-11D3-BF4B-00C04F79EFBC}") = "Libe.Infrastructure.Data", "Libe.Infrastucture.Data\Libe.Infrastructure.Data.csproj", "{516CFE94-A900-4446-828E-64CE38527DB4}"
EndProject
Project("{FAE04EC0-301F-11D3-BF4B-00C04F79EFBC}") = "Libe.Infrastructure.Bussines", "Libe.Infrastructure.Bussines\Libe.Infrastructure.Bussines.csproj", "{DC5770A0-3190-4C5C-9625-75367C8DD685}"
EndProject
Project("{FAE04EC0-301F-11D3-BF4B-00C04F79EFBC}") = "Libe.Services.Interfaces", "Libe.Services.Interfaces\Libe.Services.Interfaces.csproj", "{D4EB4CE4-EC5C-47F8-A187-1F08657955F3}"
EndProject
Global
	GlobalSection(SolutionConfigurationPlatforms) = preSolution
		Debug|Any CPU = Debug|Any CPU
		Release|Any CPU = Release|Any CPU
	EndGlobalSection
	GlobalSection(ProjectConfigurationPlatforms) = postSolution
		{2596E327-E0A8-49CB-B744-72F00E7A82E5}.Debug|Any CPU.ActiveCfg = Debug|Any CPU
		{2596E327-E0A8-49CB-B744-72F00E7A82E5}.Debug|Any CPU.Build.0 = Debug|Any CPU
		{2596E327-E0A8-49CB-B744-72F00E7A82E5}.Release|Any CPU.ActiveCfg = Release|Any CPU
		{2596E327-E0A8-49CB-B744-72F00E7A82E5}.Release|Any CPU.Build.0 = Release|Any CPU
		{4F65A765-26DC-4D8F-8B0E-41B0B2BA56FA}.Debug|Any CPU.ActiveCfg = Debug|Any CPU
		{4F65A765-26DC-4D8F-8B0E-41B0B2BA56FA}.Debug|Any CPU.Build.0 = Debug|Any CPU
		{4F65A765-26DC-4D8F-8B0E-41B0B2BA56FA}.Release|Any CPU.ActiveCfg = Release|Any CPU
		{4F65A765-26DC-4D8F-8B0E-41B0B2BA56FA}.Release|Any CPU.Build.0 = Release|Any CPU
		{525916F0-0FD9-454C-BBE2-ECE0BBEA7918}.Debug|Any CPU.ActiveCfg = Debug|Any CPU
		{525916F0-0FD9-454C-BBE2-ECE0BBEA7918}.Debug|Any CPU.Build.0 = Debug|Any CPU
		{525916F0-0FD9-454C-BBE2-ECE0BBEA7918}.Release|Any CPU.ActiveCfg = Release|Any CPU
		{525916F0-0FD9-454C-BBE2-ECE0BBEA7918}.Release|Any CPU.Build.0 = Release|Any CPU
		{516CFE94-A900-4446-828E-64CE38527DB4}.Debug|Any CPU.ActiveCfg = Debug|Any CPU
		{516CFE94-A900-4446-828E-64CE38527DB4}.Debug|Any CPU.Build.0 = Debug|Any CPU
		{516CFE94-A900-4446-828E-64CE38527DB4}.Release|Any CPU.ActiveCfg = Release|Any CPU
		{516CFE94-A900-4446-828E-64CE38527DB4}.Release|Any CPU.Build.0 = Release|Any CPU
		{DC5770A0-3190-4C5C-9625-75367C8DD685}.Debug|Any CPU.ActiveCfg = Debug|Any CPU
		{DC5770A0-3190-4C5C-9625-75367C8DD685}.Debug|Any CPU.Build.0 = Debug|Any CPU
		{DC5770A0-3190-4C5C-9625-75367C8DD685}.Release|Any CPU.ActiveCfg = Release|Any CPU
		{DC5770A0-3190-4C5C-9625-75367C8DD685}.Release|Any CPU.Build.0 = Release|Any CPU
		{D4EB4CE4-EC5C-47F8-A187-1F08657955F3}.Debug|Any CPU.ActiveCfg = Debug|Any CPU
		{D4EB4CE4-EC5C-47F8-A187-1F08657955F3}.Debug|Any CPU.Build.0 = Debug|Any CPU
		{D4EB4CE4-EC5C-47F8-A187-1F08657955F3}.Release|Any CPU.ActiveCfg = Release|Any CPU
		{D4EB4CE4-EC5C-47F8-A187-1F08657955F3}.Release|Any CPU.Build.0 = Release|Any CPU
	EndGlobalSection
	GlobalSection(SolutionProperties) = preSolution
		HideSolutionNode = FALSE
	EndGlobalSection
	GlobalSection(NestedProjects) = preSolution
		{4F65A765-26DC-4D8F-8B0E-41B0B2BA56FA} = {33DCAC4A-22EF-4235-9DCF-BF66E121FC48}
		{525916F0-0FD9-454C-BBE2-ECE0BBEA7918} = {33DCAC4A-22EF-4235-9DCF-BF66E121FC48}
		{516CFE94-A900-4446-828E-64CE38527DB4} = {820ADD47-7791-4B59-9191-5BAB9FEFBEF4}
		{DC5770A0-3190-4C5C-9625-75367C8DD685} = {820ADD47-7791-4B59-9191-5BAB9FEFBEF4}
		{D4EB4CE4-EC5C-47F8-A187-1F08657955F3} = {847842D6-E556-4CA6-A14F-370ACF869AA0}
	EndGlobalSection
	GlobalSection(ExtensibilityGlobals) = postSolution
		SolutionGuid = {71B428BC-3A99-4A70-874F-6979A4AD7CED}
	EndGlobalSection
EndGlobal
